
Microsoft Visual Studio Solution File, Format Version 10.00
# Visual Studio 2008
Project("{FAE04EC0-301F-11D3-BF4B-00C04F79EFBC}") = "LinuxGUITest", "LinuxGUITest.csproj", "{8E819FF4-F6AB-42E2-A275-4B9816BB5D1D}"
EndProject
Global
	GlobalSection(SolutionConfigurationPlatforms) = preSolution
		Debug|Any CPU = Debug|Any CPU
		Release|Any CPU = Release|Any CPU
	EndGlobalSection
	GlobalSection(ProjectConfigurationPlatforms) = postSolution
		{8E819FF4-F6AB-42E2-A275-4B9816BB5D1D}.Debug|Any CPU.ActiveCfg = Debug|Any CPU
		{8E819FF4-F6AB-42E2-A275-4B9816BB5D1D}.Debug|Any CPU.Build.0 = Debug|Any CPU
		{8E819FF4-F6AB-42E2-A275-4B9816BB5D1D}.Release|Any CPU.ActiveCfg = Release|Any CPU
		{8E819FF4-F6AB-42E2-A275-4B9816BB5D1D}.Release|Any CPU.Build.0 = Release|Any CPU
	EndGlobalSection
EndGlobal
